// !$*UTF8*$!
{
	archiveVersion = 1;
	classes = {
	};
	objectVersion = 48;
	objects = {

/* Begin PBXBuildFile section */
		4B4E318021A9C8FD007FB8C5 /* AppDelegate.swift in Sources */ = {isa = PBXBuildFile; fileRef = 4B4E317F21A9C8FD007FB8C5 /* AppDelegate.swift */; };
		4B4E318221A9C8FD007FB8C5 /* ViewController.swift in Sources */ = {isa = PBXBuildFile; fileRef = 4B4E318121A9C8FD007FB8C5 /* ViewController.swift */; };
		4B4E318521A9C8FD007FB8C5 /* Main.storyboard in Resources */ = {isa = PBXBuildFile; fileRef = 4B4E318321A9C8FD007FB8C5 /* Main.storyboard */; };
		4B4E318721A9C8FD007FB8C5 /* Assets.xcassets in Resources */ = {isa = PBXBuildFile; fileRef = 4B4E318621A9C8FD007FB8C5 /* Assets.xcassets */; };
		4B4E318A21A9C8FD007FB8C5 /* LaunchScreen.storyboard in Resources */ = {isa = PBXBuildFile; fileRef = 4B4E318821A9C8FD007FB8C5 /* LaunchScreen.storyboard */; };
		4B4E319521A9C8FD007FB8C5 /* WidgetAppTests.swift in Sources */ = {isa = PBXBuildFile; fileRef = 4B4E319421A9C8FD007FB8C5 /* WidgetAppTests.swift */; };
		4B4E31A021A9C8FD007FB8C5 /* WidgetAppUITests.swift in Sources */ = {isa = PBXBuildFile; fileRef = 4B4E319F21A9C8FD007FB8C5 /* WidgetAppUITests.swift */; };
		4B4E31B421A9C92A007FB8C5 /* NotificationCenter.framework in Frameworks */ = {isa = PBXBuildFile; fileRef = 4B4E31B321A9C92A007FB8C5 /* NotificationCenter.framework */; };
		4B4E31B721A9C92A007FB8C5 /* TodayViewController.swift in Sources */ = {isa = PBXBuildFile; fileRef = 4B4E31B621A9C92A007FB8C5 /* TodayViewController.swift */; };
		4B4E31BA21A9C92A007FB8C5 /* MainInterface.storyboard in Resources */ = {isa = PBXBuildFile; fileRef = 4B4E31B821A9C92A007FB8C5 /* MainInterface.storyboard */; };
		4B4E31BE21A9C92A007FB8C5 /* WeatherWidget.appex in Embed App Extensions */ = {isa = PBXBuildFile; fileRef = 4B4E31B121A9C92A007FB8C5 /* WeatherWidget.appex */; settings = {ATTRIBUTES = (RemoveHeadersOnCopy, ); }; };
		4B4E31C421A9DAD5007FB8C5 /* WeatherData.swift in Sources */ = {isa = PBXBuildFile; fileRef = 4B4E31C321A9DAD5007FB8C5 /* WeatherData.swift */; };
/* End PBXBuildFile section */

/* Begin PBXContainerItemProxy section */
		4B4E319121A9C8FD007FB8C5 /* PBXContainerItemProxy */ = {
			isa = PBXContainerItemProxy;
			containerPortal = 4B4E317421A9C8FD007FB8C5 /* Project object */;
			proxyType = 1;
			remoteGlobalIDString = 4B4E317B21A9C8FD007FB8C5;
			remoteInfo = WidgetApp;
		};
		4B4E319C21A9C8FD007FB8C5 /* PBXContainerItemProxy */ = {
			isa = PBXContainerItemProxy;
			containerPortal = 4B4E317421A9C8FD007FB8C5 /* Project object */;
			proxyType = 1;
			remoteGlobalIDString = 4B4E317B21A9C8FD007FB8C5;
			remoteInfo = WidgetApp;
		};
		4B4E31BC21A9C92A007FB8C5 /* PBXContainerItemProxy */ = {
			isa = PBXContainerItemProxy;
			containerPortal = 4B4E317421A9C8FD007FB8C5 /* Project object */;
			proxyType = 1;
			remoteGlobalIDString = 4B4E31B021A9C92A007FB8C5;
			remoteInfo = WeatherWidget;
		};
/* End PBXContainerItemProxy section */

/* Begin PBXCopyFilesBuildPhase section */
		4B4E31C221A9C92A007FB8C5 /* Embed App Extensions */ = {
			isa = PBXCopyFilesBuildPhase;
			buildActionMask = 2147483647;
			dstPath = "";
			dstSubfolderSpec = 13;
			files = (
				4B4E31BE21A9C92A007FB8C5 /* WeatherWidget.appex in Embed App Extensions */,
			);
			name = "Embed App Extensions";
			runOnlyForDeploymentPostprocessing = 0;
		};
/* End PBXCopyFilesBuildPhase section */

/* Begin PBXFileReference section */
		4B4E317C21A9C8FD007FB8C5 /* WidgetApp.app */ = {isa = PBXFileReference; explicitFileType = wrapper.application; includeInIndex = 0; path = WidgetApp.app; sourceTree = BUILT_PRODUCTS_DIR; };
		4B4E317F21A9C8FD007FB8C5 /* AppDelegate.swift */ = {isa = PBXFileReference; lastKnownFileType = sourcecode.swift; path = AppDelegate.swift; sourceTree = "<group>"; };
		4B4E318121A9C8FD007FB8C5 /* ViewController.swift */ = {isa = PBXFileReference; lastKnownFileType = sourcecode.swift; path = ViewController.swift; sourceTree = "<group>"; };
		4B4E318421A9C8FD007FB8C5 /* Base */ = {isa = PBXFileReference; lastKnownFileType = file.storyboard; name = Base; path = Base.lproj/Main.storyboard; sourceTree = "<group>"; };
		4B4E318621A9C8FD007FB8C5 /* Assets.xcassets */ = {isa = PBXFileReference; lastKnownFileType = folder.assetcatalog; path = Assets.xcassets; sourceTree = "<group>"; };
		4B4E318921A9C8FD007FB8C5 /* Base */ = {isa = PBXFileReference; lastKnownFileType = file.storyboard; name = Base; path = Base.lproj/LaunchScreen.storyboard; sourceTree = "<group>"; };
		4B4E318B21A9C8FD007FB8C5 /* Info.plist */ = {isa = PBXFileReference; lastKnownFileType = text.plist.xml; path = Info.plist; sourceTree = "<group>"; };
		4B4E319021A9C8FD007FB8C5 /* WidgetAppTests.xctest */ = {isa = PBXFileReference; explicitFileType = wrapper.cfbundle; includeInIndex = 0; path = WidgetAppTests.xctest; sourceTree = BUILT_PRODUCTS_DIR; };
		4B4E319421A9C8FD007FB8C5 /* WidgetAppTests.swift */ = {isa = PBXFileReference; lastKnownFileType = sourcecode.swift; path = WidgetAppTests.swift; sourceTree = "<group>"; };
		4B4E319621A9C8FD007FB8C5 /* Info.plist */ = {isa = PBXFileReference; lastKnownFileType = text.plist.xml; path = Info.plist; sourceTree = "<group>"; };
		4B4E319B21A9C8FD007FB8C5 /* WidgetAppUITests.xctest */ = {isa = PBXFileReference; explicitFileType = wrapper.cfbundle; includeInIndex = 0; path = WidgetAppUITests.xctest; sourceTree = BUILT_PRODUCTS_DIR; };
		4B4E319F21A9C8FD007FB8C5 /* WidgetAppUITests.swift */ = {isa = PBXFileReference; lastKnownFileType = sourcecode.swift; path = WidgetAppUITests.swift; sourceTree = "<group>"; };
		4B4E31A121A9C8FD007FB8C5 /* Info.plist */ = {isa = PBXFileReference; lastKnownFileType = text.plist.xml; path = Info.plist; sourceTree = "<group>"; };
		4B4E31B121A9C92A007FB8C5 /* WeatherWidget.appex */ = {isa = PBXFileReference; explicitFileType = "wrapper.app-extension"; includeInIndex = 0; path = WeatherWidget.appex; sourceTree = BUILT_PRODUCTS_DIR; };
		4B4E31B321A9C92A007FB8C5 /* NotificationCenter.framework */ = {isa = PBXFileReference; lastKnownFileType = wrapper.framework; name = NotificationCenter.framework; path = System/Library/Frameworks/NotificationCenter.framework; sourceTree = SDKROOT; };
		4B4E31B621A9C92A007FB8C5 /* TodayViewController.swift */ = {isa = PBXFileReference; lastKnownFileType = sourcecode.swift; path = TodayViewController.swift; sourceTree = "<group>"; };
		4B4E31B921A9C92A007FB8C5 /* Base */ = {isa = PBXFileReference; lastKnownFileType = file.storyboard; name = Base; path = Base.lproj/MainInterface.storyboard; sourceTree = "<group>"; };
		4B4E31BB21A9C92A007FB8C5 /* Info.plist */ = {isa = PBXFileReference; lastKnownFileType = text.plist.xml; path = Info.plist; sourceTree = "<group>"; };
		4B4E31C321A9DAD5007FB8C5 /* WeatherData.swift */ = {isa = PBXFileReference; lastKnownFileType = sourcecode.swift; path = WeatherData.swift; sourceTree = "<group>"; };
/* End PBXFileReference section */

/* Begin PBXFrameworksBuildPhase section */
		4B4E317921A9C8FD007FB8C5 /* Frameworks */ = {
			isa = PBXFrameworksBuildPhase;
			buildActionMask = 2147483647;
			files = (
			);
			runOnlyForDeploymentPostprocessing = 0;
		};
		4B4E318D21A9C8FD007FB8C5 /* Frameworks */ = {
			isa = PBXFrameworksBuildPhase;
			buildActionMask = 2147483647;
			files = (
			);
			runOnlyForDeploymentPostprocessing = 0;
		};
		4B4E319821A9C8FD007FB8C5 /* Frameworks */ = {
			isa = PBXFrameworksBuildPhase;
			buildActionMask = 2147483647;
			files = (
			);
			runOnlyForDeploymentPostprocessing = 0;
		};
		4B4E31AE21A9C92A007FB8C5 /* Frameworks */ = {
			isa = PBXFrameworksBuildPhase;
			buildActionMask = 2147483647;
			files = (
				4B4E31B421A9C92A007FB8C5 /* NotificationCenter.framework in Frameworks */,
			);
			runOnlyForDeploymentPostprocessing = 0;
		};
/* End PBXFrameworksBuildPhase section */

/* Begin PBXGroup section */
		4B4E317321A9C8FD007FB8C5 = {
			isa = PBXGroup;
			children = (
				4B4E317E21A9C8FD007FB8C5 /* WidgetApp */,
				4B4E319321A9C8FD007FB8C5 /* WidgetAppTests */,
				4B4E319E21A9C8FD007FB8C5 /* WidgetAppUITests */,
				4B4E31B521A9C92A007FB8C5 /* WeatherWidget */,
				4B4E31B221A9C92A007FB8C5 /* Frameworks */,
				4B4E317D21A9C8FD007FB8C5 /* Products */,
			);
			sourceTree = "<group>";
		};
		4B4E317D21A9C8FD007FB8C5 /* Products */ = {
			isa = PBXGroup;
			children = (
				4B4E317C21A9C8FD007FB8C5 /* WidgetApp.app */,
				4B4E319021A9C8FD007FB8C5 /* WidgetAppTests.xctest */,
				4B4E319B21A9C8FD007FB8C5 /* WidgetAppUITests.xctest */,
				4B4E31B121A9C92A007FB8C5 /* WeatherWidget.appex */,
			);
			name = Products;
			sourceTree = "<group>";
		};
		4B4E317E21A9C8FD007FB8C5 /* WidgetApp */ = {
			isa = PBXGroup;
			children = (
				4B4E317F21A9C8FD007FB8C5 /* AppDelegate.swift */,
				4B4E318121A9C8FD007FB8C5 /* ViewController.swift */,
				4B4E318321A9C8FD007FB8C5 /* Main.storyboard */,
				4B4E318621A9C8FD007FB8C5 /* Assets.xcassets */,
				4B4E318821A9C8FD007FB8C5 /* LaunchScreen.storyboard */,
				4B4E318B21A9C8FD007FB8C5 /* Info.plist */,
			);
			path = WidgetApp;
			sourceTree = "<group>";
		};
		4B4E319321A9C8FD007FB8C5 /* WidgetAppTests */ = {
			isa = PBXGroup;
			children = (
				4B4E319421A9C8FD007FB8C5 /* WidgetAppTests.swift */,
				4B4E319621A9C8FD007FB8C5 /* Info.plist */,
			);
			path = WidgetAppTests;
			sourceTree = "<group>";
		};
		4B4E319E21A9C8FD007FB8C5 /* WidgetAppUITests */ = {
			isa = PBXGroup;
			children = (
				4B4E319F21A9C8FD007FB8C5 /* WidgetAppUITests.swift */,
				4B4E31A121A9C8FD007FB8C5 /* Info.plist */,
			);
			path = WidgetAppUITests;
			sourceTree = "<group>";
		};
		4B4E31B221A9C92A007FB8C5 /* Frameworks */ = {
			isa = PBXGroup;
			children = (
				4B4E31B321A9C92A007FB8C5 /* NotificationCenter.framework */,
			);
			name = Frameworks;
			sourceTree = "<group>";
		};
		4B4E31B521A9C92A007FB8C5 /* WeatherWidget */ = {
			isa = PBXGroup;
			children = (
				4B4E31B621A9C92A007FB8C5 /* TodayViewController.swift */,
				4B4E31B821A9C92A007FB8C5 /* MainInterface.storyboard */,
				4B4E31BB21A9C92A007FB8C5 /* Info.plist */,
				4B4E31C321A9DAD5007FB8C5 /* WeatherData.swift */,
			);
			path = WeatherWidget;
			sourceTree = "<group>";
		};
/* End PBXGroup section */

/* Begin PBXNativeTarget section */
		4B4E317B21A9C8FD007FB8C5 /* WidgetApp */ = {
			isa = PBXNativeTarget;
			buildConfigurationList = 4B4E31A421A9C8FD007FB8C5 /* Build configuration list for PBXNativeTarget "WidgetApp" */;
			buildPhases = (
				4B4E317821A9C8FD007FB8C5 /* Sources */,
				4B4E317921A9C8FD007FB8C5 /* Frameworks */,
				4B4E317A21A9C8FD007FB8C5 /* Resources */,
				4B4E31C221A9C92A007FB8C5 /* Embed App Extensions */,
			);
			buildRules = (
			);
			dependencies = (
				4B4E31BD21A9C92A007FB8C5 /* PBXTargetDependency */,
			);
			name = WidgetApp;
			productName = WidgetApp;
			productReference = 4B4E317C21A9C8FD007FB8C5 /* WidgetApp.app */;
			productType = "com.apple.product-type.application";
		};
		4B4E318F21A9C8FD007FB8C5 /* WidgetAppTests */ = {
			isa = PBXNativeTarget;
			buildConfigurationList = 4B4E31A721A9C8FD007FB8C5 /* Build configuration list for PBXNativeTarget "WidgetAppTests" */;
			buildPhases = (
				4B4E318C21A9C8FD007FB8C5 /* Sources */,
				4B4E318D21A9C8FD007FB8C5 /* Frameworks */,
				4B4E318E21A9C8FD007FB8C5 /* Resources */,
			);
			buildRules = (
			);
			dependencies = (
				4B4E319221A9C8FD007FB8C5 /* PBXTargetDependency */,
			);
			name = WidgetAppTests;
			productName = WidgetAppTests;
			productReference = 4B4E319021A9C8FD007FB8C5 /* WidgetAppTests.xctest */;
			productType = "com.apple.product-type.bundle.unit-test";
		};
		4B4E319A21A9C8FD007FB8C5 /* WidgetAppUITests */ = {
			isa = PBXNativeTarget;
			buildConfigurationList = 4B4E31AA21A9C8FD007FB8C5 /* Build configuration list for PBXNativeTarget "WidgetAppUITests" */;
			buildPhases = (
				4B4E319721A9C8FD007FB8C5 /* Sources */,
				4B4E319821A9C8FD007FB8C5 /* Frameworks */,
				4B4E319921A9C8FD007FB8C5 /* Resources */,
			);
			buildRules = (
			);
			dependencies = (
				4B4E319D21A9C8FD007FB8C5 /* PBXTargetDependency */,
			);
			name = WidgetAppUITests;
			productName = WidgetAppUITests;
			productReference = 4B4E319B21A9C8FD007FB8C5 /* WidgetAppUITests.xctest */;
			productType = "com.apple.product-type.bundle.ui-testing";
		};
		4B4E31B021A9C92A007FB8C5 /* WeatherWidget */ = {
			isa = PBXNativeTarget;
			buildConfigurationList = 4B4E31BF21A9C92A007FB8C5 /* Build configuration list for PBXNativeTarget "WeatherWidget" */;
			buildPhases = (
				4B4E31AD21A9C92A007FB8C5 /* Sources */,
				4B4E31AE21A9C92A007FB8C5 /* Frameworks */,
				4B4E31AF21A9C92A007FB8C5 /* Resources */,
			);
			buildRules = (
			);
			dependencies = (
			);
			name = WeatherWidget;
			productName = WeatherWidget;
			productReference = 4B4E31B121A9C92A007FB8C5 /* WeatherWidget.appex */;
			productType = "com.apple.product-type.app-extension";
		};
/* End PBXNativeTarget section */

/* Begin PBXProject section */
		4B4E317421A9C8FD007FB8C5 /* Project object */ = {
			isa = PBXProject;
			attributes = {
				LastSwiftUpdateCheck = 0920;
				LastUpgradeCheck = 0920;
				ORGANIZATIONNAME = Gopal;
				TargetAttributes = {
					4B4E317B21A9C8FD007FB8C5 = {
						CreatedOnToolsVersion = 9.2;
						ProvisioningStyle = Automatic;
					};
					4B4E318F21A9C8FD007FB8C5 = {
						CreatedOnToolsVersion = 9.2;
						ProvisioningStyle = Automatic;
						TestTargetID = 4B4E317B21A9C8FD007FB8C5;
					};
					4B4E319A21A9C8FD007FB8C5 = {
						CreatedOnToolsVersion = 9.2;
						ProvisioningStyle = Automatic;
						TestTargetID = 4B4E317B21A9C8FD007FB8C5;
					};
					4B4E31B021A9C92A007FB8C5 = {
						CreatedOnToolsVersion = 9.2;
						ProvisioningStyle = Automatic;
					};
				};
			};
			buildConfigurationList = 4B4E317721A9C8FD007FB8C5 /* Build configuration list for PBXProject "WidgetApp" */;
			compatibilityVersion = "Xcode 8.0";
			developmentRegion = en;
			hasScannedForEncodings = 0;
			knownRegions = (
				en,
				Base,
			);
			mainGroup = 4B4E317321A9C8FD007FB8C5;
			productRefGroup = 4B4E317D21A9C8FD007FB8C5 /* Products */;
			projectDirPath = "";
			projectRoot = "";
			targets = (
				4B4E317B21A9C8FD007FB8C5 /* WidgetApp */,
				4B4E318F21A9C8FD007FB8C5 /* WidgetAppTests */,
				4B4E319A21A9C8FD007FB8C5 /* WidgetAppUITests */,
				4B4E31B021A9C92A007FB8C5 /* WeatherWidget */,
			);
		};
/* End PBXProject section */

/* Begin PBXResourcesBuildPhase section */
		4B4E317A21A9C8FD007FB8C5 /* Resources */ = {
			isa = PBXResourcesBuildPhase;
			buildActionMask = 2147483647;
			files = (
				4B4E318A21A9C8FD007FB8C5 /* LaunchScreen.storyboard in Resources */,
				4B4E318721A9C8FD007FB8C5 /* Assets.xcassets in Resources */,
				4B4E318521A9C8FD007FB8C5 /* Main.storyboard in Resources */,
			);
			runOnlyForDeploymentPostprocessing = 0;
		};
		4B4E318E21A9C8FD007FB8C5 /* Resources */ = {
			isa = PBXResourcesBuildPhase;
			buildActionMask = 2147483647;
			files = (
			);
			runOnlyForDeploymentPostprocessing = 0;
		};
		4B4E319921A9C8FD007FB8C5 /* Resources */ = {
			isa = PBXResourcesBuildPhase;
			buildActionMask = 2147483647;
			files = (
			);
			runOnlyForDeploymentPostprocessing = 0;
		};
		4B4E31AF21A9C92A007FB8C5 /* Resources */ = {
			isa = PBXResourcesBuildPhase;
			buildActionMask = 2147483647;
			files = (
				4B4E31BA21A9C92A007FB8C5 /* MainInterface.storyboard in Resources */,
			);
			runOnlyForDeploymentPostprocessing = 0;
		};
/* End PBXResourcesBuildPhase section */

/* Begin PBXSourcesBuildPhase section */
		4B4E317821A9C8FD007FB8C5 /* Sources */ = {
			isa = PBXSourcesBuildPhase;
			buildActionMask = 2147483647;
			files = (
				4B4E318221A9C8FD007FB8C5 /* ViewController.swift in Sources */,
				4B4E318021A9C8FD007FB8C5 /* AppDelegate.swift in Sources */,
			);
			runOnlyForDeploymentPostprocessing = 0;
		};
		4B4E318C21A9C8FD007FB8C5 /* Sources */ = {
			isa = PBXSourcesBuildPhase;
			buildActionMask = 2147483647;
			files = (
				4B4E319521A9C8FD007FB8C5 /* WidgetAppTests.swift in Sources */,
			);
			runOnlyForDeploymentPostprocessing = 0;
		};
		4B4E319721A9C8FD007FB8C5 /* Sources */ = {
			isa = PBXSourcesBuildPhase;
			buildActionMask = 2147483647;
			files = (
				4B4E31A021A9C8FD007FB8C5 /* WidgetAppUITests.swift in Sources */,
			);
			runOnlyForDeploymentPostprocessing = 0;
		};
		4B4E31AD21A9C92A007FB8C5 /* Sources */ = {
			isa = PBXSourcesBuildPhase;
			buildActionMask = 2147483647;
			files = (
				4B4E31C421A9DAD5007FB8C5 /* WeatherData.swift in Sources */,
				4B4E31B721A9C92A007FB8C5 /* TodayViewController.swift in Sources */,
			);
			runOnlyForDeploymentPostprocessing = 0;
		};
/* End PBXSourcesBuildPhase section */

/* Begin PBXTargetDependency section */
		4B4E319221A9C8FD007FB8C5 /* PBXTargetDependency */ = {
			isa = PBXTargetDependency;
			target = 4B4E317B21A9C8FD007FB8C5 /* WidgetApp */;
			targetProxy = 4B4E319121A9C8FD007FB8C5 /* PBXContainerItemProxy */;
		};
		4B4E319D21A9C8FD007FB8C5 /* PBXTargetDependency */ = {
			isa = PBXTargetDependency;
			target = 4B4E317B21A9C8FD007FB8C5 /* WidgetApp */;
			targetProxy = 4B4E319C21A9C8FD007FB8C5 /* PBXContainerItemProxy */;
		};
		4B4E31BD21A9C92A007FB8C5 /* PBXTargetDependency */ = {
			isa = PBXTargetDependency;
			target = 4B4E31B021A9C92A007FB8C5 /* WeatherWidget */;
			targetProxy = 4B4E31BC21A9C92A007FB8C5 /* PBXContainerItemProxy */;
		};
/* End PBXTargetDependency section */

/* Begin PBXVariantGroup section */
		4B4E318321A9C8FD007FB8C5 /* Main.storyboard */ = {
			isa = PBXVariantGroup;
			children = (
				4B4E318421A9C8FD007FB8C5 /* Base */,
			);
			name = Main.storyboard;
			sourceTree = "<group>";
		};
		4B4E318821A9C8FD007FB8C5 /* LaunchScreen.storyboard */ = {
			isa = PBXVariantGroup;
			children = (
				4B4E318921A9C8FD007FB8C5 /* Base */,
			);
			name = LaunchScreen.storyboard;
			sourceTree = "<group>";
		};
		4B4E31B821A9C92A007FB8C5 /* MainInterface.storyboard */ = {
			isa = PBXVariantGroup;
			children = (
				4B4E31B921A9C92A007FB8C5 /* Base */,
			);
			name = MainInterface.storyboard;
			sourceTree = "<group>";
		};
/* End PBXVariantGroup section */

/* Begin XCBuildConfiguration section */
		4B4E31A221A9C8FD007FB8C5 /* Debug */ = {
			isa = XCBuildConfiguration;
			buildSettings = {
				ALWAYS_SEARCH_USER_PATHS = NO;
				CLANG_ANALYZER_NONNULL = YES;
				CLANG_ANALYZER_NUMBER_OBJECT_CONVERSION = YES_AGGRESSIVE;
				CLANG_CXX_LANGUAGE_STANDARD = "gnu++14";
				CLANG_CXX_LIBRARY = "libc++";
				CLANG_ENABLE_MODULES = YES;
				CLANG_ENABLE_OBJC_ARC = YES;
				CLANG_WARN_BLOCK_CAPTURE_AUTORELEASING = YES;
				CLANG_WARN_BOOL_CONVERSION = YES;
				CLANG_WARN_COMMA = YES;
				CLANG_WARN_CONSTANT_CONVERSION = YES;
				CLANG_WARN_DIRECT_OBJC_ISA_USAGE = YES_ERROR;
				CLANG_WARN_DOCUMENTATION_COMMENTS = YES;
				CLANG_WARN_EMPTY_BODY = YES;
				CLANG_WARN_ENUM_CONVERSION = YES;
				CLANG_WARN_INFINITE_RECURSION = YES;
				CLANG_WARN_INT_CONVERSION = YES;
				CLANG_WARN_NON_LITERAL_NULL_CONVERSION = YES;
				CLANG_WARN_OBJC_LITERAL_CONVERSION = YES;
				CLANG_WARN_OBJC_ROOT_CLASS = YES_ERROR;
				CLANG_WARN_RANGE_LOOP_ANALYSIS = YES;
				CLANG_WARN_STRICT_PROTOTYPES = YES;
				CLANG_WARN_SUSPICIOUS_MOVE = YES;
				CLANG_WARN_UNGUARDED_AVAILABILITY = YES_AGGRESSIVE;
				CLANG_WARN_UNREACHABLE_CODE = YES;
				CLANG_WARN__DUPLICATE_METHOD_MATCH = YES;
				CODE_SIGN_IDENTITY = "iPhone Developer";
				COPY_PHASE_STRIP = NO;
				DEBUG_INFORMATION_FORMAT = dwarf;
				ENABLE_STRICT_OBJC_MSGSEND = YES;
				ENABLE_TESTABILITY = YES;
				GCC_C_LANGUAGE_STANDARD = gnu11;
				GCC_DYNAMIC_NO_PIC = NO;
				GCC_NO_COMMON_BLOCKS = YES;
				GCC_OPTIMIZATION_LEVEL = 0;
				GCC_PREPROCESSOR_DEFINITIONS = (
					"DEBUG=1",
					"$(inherited)",
				);
				GCC_WARN_64_TO_32_BIT_CONVERSION = YES;
				GCC_WARN_ABOUT_RETURN_TYPE = YES_ERROR;
				GCC_WARN_UNDECLARED_SELECTOR = YES;
				GCC_WARN_UNINITIALIZED_AUTOS = YES_AGGRESSIVE;
				GCC_WARN_UNUSED_FUNCTION = YES;
				GCC_WARN_UNUSED_VARIABLE = YES;
				IPHONEOS_DEPLOYMENT_TARGET = 11.2;
				MTL_ENABLE_DEBUG_INFO = YES;
				ONLY_ACTIVE_ARCH = YES;
				SDKROOT = iphoneos;
				SWIFT_ACTIVE_COMPILATION_CONDITIONS = DEBUG;
				SWIFT_OPTIMIZATION_LEVEL = "-Onone";
			};
			name = Debug;
		};
		4B4E31A321A9C8FD007FB8C5 /* Release */ = {
			isa = XCBuildConfiguration;
			buildSettings = {
				ALWAYS_SEARCH_USER_PATHS = NO;
				CLANG_ANALYZER_NONNULL = YES;
				CLANG_ANALYZER_NUMBER_OBJECT_CONVERSION = YES_AGGRESSIVE;
				CLANG_CXX_LANGUAGE_STANDARD = "gnu++14";
				CLANG_CXX_LIBRARY = "libc++";
				CLANG_ENABLE_MODULES = YES;
				CLANG_ENABLE_OBJC_ARC = YES;
				CLANG_WARN_BLOCK_CAPTURE_AUTORELEASING = YES;
				CLANG_WARN_BOOL_CONVERSION = YES;
				CLANG_WARN_COMMA = YES;
				CLANG_WARN_CONSTANT_CONVERSION = YES;
				CLANG_WARN_DIRECT_OBJC_ISA_USAGE = YES_ERROR;
				CLANG_WARN_DOCUMENTATION_COMMENTS = YES;
				CLANG_WARN_EMPTY_BODY = YES;
				CLANG_WARN_ENUM_CONVERSION = YES;
				CLANG_WARN_INFINITE_RECURSION = YES;
				CLANG_WARN_INT_CONVERSION = YES;
				CLANG_WARN_NON_LITERAL_NULL_CONVERSION = YES;
				CLANG_WARN_OBJC_LITERAL_CONVERSION = YES;
				CLANG_WARN_OBJC_ROOT_CLASS = YES_ERROR;
				CLANG_WARN_RANGE_LOOP_ANALYSIS = YES;
				CLANG_WARN_STRICT_PROTOTYPES = YES;
				CLANG_WARN_SUSPICIOUS_MOVE = YES;
				CLANG_WARN_UNGUARDED_AVAILABILITY = YES_AGGRESSIVE;
				CLANG_WARN_UNREACHABLE_CODE = YES;
				CLANG_WARN__DUPLICATE_METHOD_MATCH = YES;
				CODE_SIGN_IDENTITY = "iPhone Developer";
				COPY_PHASE_STRIP = NO;
				DEBUG_INFORMATION_FORMAT = "dwarf-with-dsym";
				ENABLE_NS_ASSERTIONS = NO;
				ENABLE_STRICT_OBJC_MSGSEND = YES;
				GCC_C_LANGUAGE_STANDARD = gnu11;
				GCC_NO_COMMON_BLOCKS = YES;
				GCC_WARN_64_TO_32_BIT_CONVERSION = YES;
				GCC_WARN_ABOUT_RETURN_TYPE = YES_ERROR;
				GCC_WARN_UNDECLARED_SELECTOR = YES;
				GCC_WARN_UNINITIALIZED_AUTOS = YES_AGGRESSIVE;
				GCC_WARN_UNUSED_FUNCTION = YES;
				GCC_WARN_UNUSED_VARIABLE = YES;
				IPHONEOS_DEPLOYMENT_TARGET = 11.2;
				MTL_ENABLE_DEBUG_INFO = NO;
				SDKROOT = iphoneos;
				SWIFT_OPTIMIZATION_LEVEL = "-Owholemodule";
				VALIDATE_PRODUCT = YES;
			};
			name = Release;
		};
		4B4E31A521A9C8FD007FB8C5 /* Debug */ = {
			isa = XCBuildConfiguration;
			buildSettings = {
				ALWAYS_EMBED_SWIFT_STANDARD_LIBRARIES = YES;
				ASSETCATALOG_COMPILER_APPICON_NAME = AppIcon;
				CODE_SIGN_STYLE = Automatic;
				INFOPLIST_FILE = WidgetApp/Info.plist;
				LD_RUNPATH_SEARCH_PATHS = "$(inherited) @executable_path/Frameworks";
				PRODUCT_BUNDLE_IDENTIFIER = Self.WidgetApp;
				PRODUCT_NAME = "$(TARGET_NAME)";
				SWIFT_VERSION = 4.0;
				TARGETED_DEVICE_FAMILY = "1,2";
			};
			name = Debug;
		};
		4B4E31A621A9C8FD007FB8C5 /* Release */ = {
			isa = XCBuildConfiguration;
			buildSettings = {
				ALWAYS_EMBED_SWIFT_STANDARD_LIBRARIES = YES;
				ASSETCATALOG_COMPILER_APPICON_NAME = AppIcon;
				CODE_SIGN_STYLE = Automatic;
				INFOPLIST_FILE = WidgetApp/Info.plist;
				LD_RUNPATH_SEARCH_PATHS = "$(inherited) @executable_path/Frameworks";
				PRODUCT_BUNDLE_IDENTIFIER = Self.WidgetApp;
				PRODUCT_NAME = "$(TARGET_NAME)";
				SWIFT_VERSION = 4.0;
				TARGETED_DEVICE_FAMILY = "1,2";
			};
			name = Release;
		};
		4B4E31A821A9C8FD007FB8C5 /* Debug */ = {
			isa = XCBuildConfiguration;
			buildSettings = {
				ALWAYS_EMBED_SWIFT_STANDARD_LIBRARIES = YES;
				BUNDLE_LOADER = "$(TEST_HOST)";
				CODE_SIGN_STYLE = Automatic;
				INFOPLIST_FILE = WidgetAppTests/Info.plist;
				LD_RUNPATH_SEARCH_PATHS = "$(inherited) @executable_path/Frameworks @loader_path/Frameworks";
				PRODUCT_BUNDLE_IDENTIFIER = Self.WidgetAppTests;
				PRODUCT_NAME = "$(TARGET_NAME)";
				SWIFT_VERSION = 4.0;
				TARGETED_DEVICE_FAMILY = "1,2";
				TEST_HOST = "$(BUILT_PRODUCTS_DIR)/WidgetApp.app/WidgetApp";
			};
			name = Debug;
		};
		4B4E31A921A9C8FD007FB8C5 /* Release */ = {
			isa = XCBuildConfiguration;
			buildSettings = {
				ALWAYS_EMBED_SWIFT_STANDARD_LIBRARIES = YES;
				BUNDLE_LOADER = "$(TEST_HOST)";
				CODE_SIGN_STYLE = Automatic;
				INFOPLIST_FILE = WidgetAppTests/Info.plist;
				LD_RUNPATH_SEARCH_PATHS = "$(inherited) @executable_path/Frameworks @loader_path/Frameworks";
				PRODUCT_BUNDLE_IDENTIFIER = Self.WidgetAppTests;
				PRODUCT_NAME = "$(TARGET_NAME)";
				SWIFT_VERSION = 4.0;
				TARGETED_DEVICE_FAMILY = "1,2";
				TEST_HOST = "$(BUILT_PRODUCTS_DIR)/WidgetApp.app/WidgetApp";
			};
			name = Release;
		};
		4B4E31AB21A9C8FD007FB8C5 /* Debug */ = {
			isa = XCBuildConfiguration;
			buildSettings = {
				ALWAYS_EMBED_SWIFT_STANDARD_LIBRARIES = YES;
				CODE_SIGN_STYLE = Automatic;
				INFOPLIST_FILE = WidgetAppUITests/Info.plist;
				LD_RUNPATH_SEARCH_PATHS = "$(inherited) @executable_path/Frameworks @loader_path/Frameworks";
				PRODUCT_BUNDLE_IDENTIFIER = Self.WidgetAppUITests;
				PRODUCT_NAME = "$(TARGET_NAME)";
				SWIFT_VERSION = 4.0;
				TARGETED_DEVICE_FAMILY = "1,2";
				TEST_TARGET_NAME = WidgetApp;
			};
			name = Debug;
		};
		4B4E31AC21A9C8FD007FB8C5 /* Release */ = {
			isa = XCBuildConfiguration;
			buildSettings = {
				ALWAYS_EMBED_SWIFT_STANDARD_LIBRARIES = YES;
				CODE_SIGN_STYLE = Automatic;
				INFOPLIST_FILE = WidgetAppUITests/Info.plist;
				LD_RUNPATH_SEARCH_PATHS = "$(inherited) @executable_path/Frameworks @loader_path/Frameworks";
				PRODUCT_BUNDLE_IDENTIFIER = Self.WidgetAppUITests;
				PRODUCT_NAME = "$(TARGET_NAME)";
				SWIFT_VERSION = 4.0;
				TARGETED_DEVICE_FAMILY = "1,2";
				TEST_TARGET_NAME = WidgetApp;
			};
			name = Release;
		};
		4B4E31C021A9C92A007FB8C5 /* Debug */ = {
			isa = XCBuildConfiguration;
			buildSettings = {
				CODE_SIGN_STYLE = Automatic;
				INFOPLIST_FILE = WeatherWidget/Info.plist;
				LD_RUNPATH_SEARCH_PATHS = "$(inherited) @executable_path/Frameworks @executable_path/../../Frameworks";
				PRODUCT_BUNDLE_IDENTIFIER = Self.WidgetApp.WeatherWidget;
				PRODUCT_NAME = "$(TARGET_NAME)";
				SKIP_INSTALL = YES;
				SWIFT_VERSION = 4.0;
				TARGETED_DEVICE_FAMILY = "1,2";
			};
			name = Debug;
		};
		4B4E31C121A9C92A007FB8C5 /* Release */ = {
			isa = XCBuildConfiguration;
			buildSettings = {
				CODE_SIGN_STYLE = Automatic;
				INFOPLIST_FILE = WeatherWidget/Info.plist;
				LD_RUNPATH_SEARCH_PATHS = "$(inherited) @executable_path/Frameworks @executable_path/../../Frameworks";
				PRODUCT_BUNDLE_IDENTIFIER = Self.WidgetApp.WeatherWidget;
				PRODUCT_NAME = "$(TARGET_NAME)";
				SKIP_INSTALL = YES;
				SWIFT_VERSION = 4.0;
				TARGETED_DEVICE_FAMILY = "1,2";
			};
			name = Release;
		};
/* End XCBuildConfiguration section */

/* Begin XCConfigurationList section */
		4B4E317721A9C8FD007FB8C5 /* Build configuration list for PBXProject "WidgetApp" */ = {
			isa = XCConfigurationList;
			buildConfigurations = (
				4B4E31A221A9C8FD007FB8C5 /* Debug */,
				4B4E31A321A9C8FD007FB8C5 /* Release */,
			);
			defaultConfigurationIsVisible = 0;
			defaultConfigurationName = Release;
		};
		4B4E31A421A9C8FD007FB8C5 /* Build configuration list for PBXNativeTarget "WidgetApp" */ = {
			isa = XCConfigurationList;
			buildConfigurations = (
				4B4E31A521A9C8FD007FB8C5 /* Debug */,
				4B4E31A621A9C8FD007FB8C5 /* Release */,
			);
			defaultConfigurationIsVisible = 0;
			defaultConfigurationName = Release;
		};
		4B4E31A721A9C8FD007FB8C5 /* Build configuration list for PBXNativeTarget "WidgetAppTests" */ = {
			isa = XCConfigurationList;
			buildConfigurations = (
				4B4E31A821A9C8FD007FB8C5 /* Debug */,
				4B4E31A921A9C8FD007FB8C5 /* Release */,
			);
			defaultConfigurationIsVisible = 0;
			defaultConfigurationName = Release;
		};
		4B4E31AA21A9C8FD007FB8C5 /* Build configuration list for PBXNativeTarget "WidgetAppUITests" */ = {
			isa = XCConfigurationList;
			buildConfigurations = (
				4B4E31AB21A9C8FD007FB8C5 /* Debug */,
				4B4E31AC21A9C8FD007FB8C5 /* Release */,
			);
			defaultConfigurationIsVisible = 0;
			defaultConfigurationName = Release;
		};
		4B4E31BF21A9C92A007FB8C5 /* Build configuration list for PBXNativeTarget "WeatherWidget" */ = {
			isa = XCConfigurationList;
			buildConfigurations = (
				4B4E31C021A9C92A007FB8C5 /* Debug */,
				4B4E31C121A9C92A007FB8C5 /* Release */,
			);
			defaultConfigurationIsVisible = 0;
			defaultConfigurationName = Release;
		};
/* End XCConfigurationList section */
	};
	rootObject = 4B4E317421A9C8FD007FB8C5 /* Project object */;
}
